
Microsoft Visual Studio Solution File, Format Version 12.00
# Visual Studio Version 17
VisualStudioVersion = 17.0.31903.59
MinimumVisualStudioVersion = 10.0.40219.1
Project("{9A19103F-16F7-4668-BE54-9A1E7A4F7556}") = "PxCs", "PxCs\PxCs.csproj", "{A8A07E3D-534D-44CC-BFCC-D3001301DA42}"
EndProject
Project("{9A19103F-16F7-4668-BE54-9A1E7A4F7556}") = "PxCs.Tests", "PxCs.Tests\PxCs.Tests.csproj", "{EBB719BD-4F54-4E55-8C4D-F92A3488759A}"
EndProject
Global
	GlobalSection(SolutionConfigurationPlatforms) = preSolution
		Debug|Any CPU = Debug|Any CPU
		Release|Any CPU = Release|Any CPU
	EndGlobalSection
	GlobalSection(ProjectConfigurationPlatforms) = postSolution
		{A8A07E3D-534D-44CC-BFCC-D3001301DA42}.Debug|Any CPU.ActiveCfg = Release|Any CPU
		{A8A07E3D-534D-44CC-BFCC-D3001301DA42}.Debug|Any CPU.Build.0 = Release|Any CPU
		{A8A07E3D-534D-44CC-BFCC-D3001301DA42}.Release|Any CPU.ActiveCfg = Release|Any CPU
		{A8A07E3D-534D-44CC-BFCC-D3001301DA42}.Release|Any CPU.Build.0 = Release|Any CPU
		{EBB719BD-4F54-4E55-8C4D-F92A3488759A}.Debug|Any CPU.ActiveCfg = Debug|Any CPU
		{EBB719BD-4F54-4E55-8C4D-F92A3488759A}.Debug|Any CPU.Build.0 = Debug|Any CPU
		{EBB719BD-4F54-4E55-8C4D-F92A3488759A}.Release|Any CPU.ActiveCfg = Release|Any CPU
		{EBB719BD-4F54-4E55-8C4D-F92A3488759A}.Release|Any CPU.Build.0 = Release|Any CPU
	EndGlobalSection
	GlobalSection(SolutionProperties) = preSolution
		HideSolutionNode = FALSE
	EndGlobalSection
	GlobalSection(ExtensibilityGlobals) = postSolution
		SolutionGuid = {716F9DBC-E7B3-41AF-921F-B374EE9EA491}
	EndGlobalSection
EndGlobal
